
Microsoft Visual Studio Solution File, Format Version 12.00
# Visual Studio Version 16
VisualStudioVersion = 16.0.32407.337
MinimumVisualStudioVersion = 10.0.40219.1
Project("{FAE04EC0-301F-11D3-BF4B-00C04F79EFBC}") = "ConsoleApp1", "ConsoleApp1\ConsoleApp1.csproj", "{4BD89E6E-A632-4A69-9B43-D5E0AE102A72}"
EndProject
Project("{F184B08F-C81C-45F6-A57F-5ABD9991F28F}") = "Print", "Print\Print.vbproj", "{344EFFEE-DB3E-4D03-B694-BC05BC16F984}"
EndProject
Project("{FAE04EC0-301F-11D3-BF4B-00C04F79EFBC}") = "DOC", "DOC\DOC.csproj", "{39A33ACA-7FFF-4A64-B6EE-C686767A6B7F}"
EndProject
Project("{FAE04EC0-301F-11D3-BF4B-00C04F79EFBC}") = "TtnTorg12DownloadAPI", "TtnTorg12DownloadAPI\TtnTorg12DownloadAPI.csproj", "{FC21E82E-48C7-45DD-982C-6DBF90FD3EEC}"
EndProject
Global
	GlobalSection(SolutionConfigurationPlatforms) = preSolution
		Debug|Any CPU = Debug|Any CPU
		Release|Any CPU = Release|Any CPU
	EndGlobalSection
	GlobalSection(ProjectConfigurationPlatforms) = postSolution
		{4BD89E6E-A632-4A69-9B43-D5E0AE102A72}.Debug|Any CPU.ActiveCfg = Debug|Any CPU
		{4BD89E6E-A632-4A69-9B43-D5E0AE102A72}.Debug|Any CPU.Build.0 = Debug|Any CPU
		{4BD89E6E-A632-4A69-9B43-D5E0AE102A72}.Release|Any CPU.ActiveCfg = Release|Any CPU
		{4BD89E6E-A632-4A69-9B43-D5E0AE102A72}.Release|Any CPU.Build.0 = Release|Any CPU
		{344EFFEE-DB3E-4D03-B694-BC05BC16F984}.Debug|Any CPU.ActiveCfg = Debug|Any CPU
		{344EFFEE-DB3E-4D03-B694-BC05BC16F984}.Debug|Any CPU.Build.0 = Debug|Any CPU
		{344EFFEE-DB3E-4D03-B694-BC05BC16F984}.Release|Any CPU.ActiveCfg = Release|Any CPU
		{344EFFEE-DB3E-4D03-B694-BC05BC16F984}.Release|Any CPU.Build.0 = Release|Any CPU
		{39A33ACA-7FFF-4A64-B6EE-C686767A6B7F}.Debug|Any CPU.ActiveCfg = Debug|Any CPU
		{39A33ACA-7FFF-4A64-B6EE-C686767A6B7F}.Debug|Any CPU.Build.0 = Debug|Any CPU
		{39A33ACA-7FFF-4A64-B6EE-C686767A6B7F}.Release|Any CPU.ActiveCfg = Release|Any CPU
		{39A33ACA-7FFF-4A64-B6EE-C686767A6B7F}.Release|Any CPU.Build.0 = Release|Any CPU
		{FC21E82E-48C7-45DD-982C-6DBF90FD3EEC}.Debug|Any CPU.ActiveCfg = Debug|Any CPU
		{FC21E82E-48C7-45DD-982C-6DBF90FD3EEC}.Debug|Any CPU.Build.0 = Debug|Any CPU
		{FC21E82E-48C7-45DD-982C-6DBF90FD3EEC}.Release|Any CPU.ActiveCfg = Release|Any CPU
		{FC21E82E-48C7-45DD-982C-6DBF90FD3EEC}.Release|Any CPU.Build.0 = Release|Any CPU
	EndGlobalSection
	GlobalSection(SolutionProperties) = preSolution
		HideSolutionNode = FALSE
	EndGlobalSection
	GlobalSection(ExtensibilityGlobals) = postSolution
		SolutionGuid = {BC462BB8-6C0B-4662-B16A-BA19D2293F57}
	EndGlobalSection
EndGlobal
